// !$*UTF8*$!
{
	archiveVersion = 1;
	classes = {
	};
	objectVersion = 55;
	objects = {

/* Begin PBXBuildFile section */
		3FD4742530D64EE0F718E1D6 /* Pods_LottiePlayer.framework in Frameworks */ = {isa = PBXBuildFile; fileRef = 19DE14FB735977BF9904B042 /* Pods_LottiePlayer.framework */; };
		96C0649BAE25F4AAAC976D26 /* Pods_LottiePlayerTests.framework in Frameworks */ = {isa = PBXBuildFile; fileRef = 4298CB28417D6328C2F0DBF4 /* Pods_LottiePlayerTests.framework */; };
		9C6F787E04845550EC276805 /* Pods_LottiePlayer_LottiePlayerUITests.framework in Frameworks */ = {isa = PBXBuildFile; fileRef = C6616065D72A7D207C8F00CF /* Pods_LottiePlayer_LottiePlayerUITests.framework */; };
		CC9A62A327BD219900BC17FC /* AppDelegate.swift in Sources */ = {isa = PBXBuildFile; fileRef = CC9A62A227BD219900BC17FC /* AppDelegate.swift */; };
		CC9A62A527BD219900BC17FC /* SceneDelegate.swift in Sources */ = {isa = PBXBuildFile; fileRef = CC9A62A427BD219900BC17FC /* SceneDelegate.swift */; };
		CC9A62A727BD219900BC17FC /* ViewController.swift in Sources */ = {isa = PBXBuildFile; fileRef = CC9A62A627BD219900BC17FC /* ViewController.swift */; };
		CC9A62AA27BD219900BC17FC /* Main.storyboard in Resources */ = {isa = PBXBuildFile; fileRef = CC9A62A827BD219900BC17FC /* Main.storyboard */; };
		CC9A62AC27BD219C00BC17FC /* Assets.xcassets in Resources */ = {isa = PBXBuildFile; fileRef = CC9A62AB27BD219C00BC17FC /* Assets.xcassets */; };
		CC9A62AF27BD219C00BC17FC /* LaunchScreen.storyboard in Resources */ = {isa = PBXBuildFile; fileRef = CC9A62AD27BD219C00BC17FC /* LaunchScreen.storyboard */; };
		CC9A62BA27BD219C00BC17FC /* LottiePlayerTests.swift in Sources */ = {isa = PBXBuildFile; fileRef = CC9A62B927BD219C00BC17FC /* LottiePlayerTests.swift */; };
		CC9A62C427BD219C00BC17FC /* LottiePlayerUITests.swift in Sources */ = {isa = PBXBuildFile; fileRef = CC9A62C327BD219C00BC17FC /* LottiePlayerUITests.swift */; };
		CC9A62C627BD219C00BC17FC /* LottiePlayerUITestsLaunchTests.swift in Sources */ = {isa = PBXBuildFile; fileRef = CC9A62C527BD219C00BC17FC /* LottiePlayerUITestsLaunchTests.swift */; };
		CC9A62D427BD345D00BC17FC /* LottieViewController.swift in Sources */ = {isa = PBXBuildFile; fileRef = CC9A62D327BD345D00BC17FC /* LottieViewController.swift */; };
		CC9A62D627BD5B8D00BC17FC /* LottieManager.swift in Sources */ = {isa = PBXBuildFile; fileRef = CC9A62D527BD5B8D00BC17FC /* LottieManager.swift */; };
/* End PBXBuildFile section */

/* Begin PBXContainerItemProxy section */
		CC9A62B627BD219C00BC17FC /* PBXContainerItemProxy */ = {
			isa = PBXContainerItemProxy;
			containerPortal = CC9A629727BD219900BC17FC /* Project object */;
			proxyType = 1;
			remoteGlobalIDString = CC9A629E27BD219900BC17FC;
			remoteInfo = LottiePlayer;
		};
		CC9A62C027BD219C00BC17FC /* PBXContainerItemProxy */ = {
			isa = PBXContainerItemProxy;
			containerPortal = CC9A629727BD219900BC17FC /* Project object */;
			proxyType = 1;
			remoteGlobalIDString = CC9A629E27BD219900BC17FC;
			remoteInfo = LottiePlayer;
		};
/* End PBXContainerItemProxy section */

/* Begin PBXFileReference section */
		19DE14FB735977BF9904B042 /* Pods_LottiePlayer.framework */ = {isa = PBXFileReference; explicitFileType = wrapper.framework; includeInIndex = 0; path = Pods_LottiePlayer.framework; sourceTree = BUILT_PRODUCTS_DIR; };
		254DEA2262D93B3C4175A45F /* Pods-LottiePlayer-LottiePlayerUITests.release.xcconfig */ = {isa = PBXFileReference; includeInIndex = 1; lastKnownFileType = text.xcconfig; name = "Pods-LottiePlayer-LottiePlayerUITests.release.xcconfig"; path = "Target Support Files/Pods-LottiePlayer-LottiePlayerUITests/Pods-LottiePlayer-LottiePlayerUITests.release.xcconfig"; sourceTree = "<group>"; };
		4298CB28417D6328C2F0DBF4 /* Pods_LottiePlayerTests.framework */ = {isa = PBXFileReference; explicitFileType = wrapper.framework; includeInIndex = 0; path = Pods_LottiePlayerTests.framework; sourceTree = BUILT_PRODUCTS_DIR; };
		4D4C86DC724F1AC227194A9D /* Pods-LottiePlayerTests.release.xcconfig */ = {isa = PBXFileReference; includeInIndex = 1; lastKnownFileType = text.xcconfig; name = "Pods-LottiePlayerTests.release.xcconfig"; path = "Target Support Files/Pods-LottiePlayerTests/Pods-LottiePlayerTests.release.xcconfig"; sourceTree = "<group>"; };
		7EE026AF4B6151FBA3FA9F23 /* Pods-LottiePlayer.release.xcconfig */ = {isa = PBXFileReference; includeInIndex = 1; lastKnownFileType = text.xcconfig; name = "Pods-LottiePlayer.release.xcconfig"; path = "Target Support Files/Pods-LottiePlayer/Pods-LottiePlayer.release.xcconfig"; sourceTree = "<group>"; };
		8B9CBEE368F2BD70A226511B /* Pods-LottiePlayer-LottiePlayerUITests.debug.xcconfig */ = {isa = PBXFileReference; includeInIndex = 1; lastKnownFileType = text.xcconfig; name = "Pods-LottiePlayer-LottiePlayerUITests.debug.xcconfig"; path = "Target Support Files/Pods-LottiePlayer-LottiePlayerUITests/Pods-LottiePlayer-LottiePlayerUITests.debug.xcconfig"; sourceTree = "<group>"; };
		94AD65BE076337CEA998273A /* Pods-LottiePlayerTests.debug.xcconfig */ = {isa = PBXFileReference; includeInIndex = 1; lastKnownFileType = text.xcconfig; name = "Pods-LottiePlayerTests.debug.xcconfig"; path = "Target Support Files/Pods-LottiePlayerTests/Pods-LottiePlayerTests.debug.xcconfig"; sourceTree = "<group>"; };
		C6616065D72A7D207C8F00CF /* Pods_LottiePlayer_LottiePlayerUITests.framework */ = {isa = PBXFileReference; explicitFileType = wrapper.framework; includeInIndex = 0; path = Pods_LottiePlayer_LottiePlayerUITests.framework; sourceTree = BUILT_PRODUCTS_DIR; };
		CC9A629F27BD219900BC17FC /* LottiePlayer.app */ = {isa = PBXFileReference; explicitFileType = wrapper.application; includeInIndex = 0; path = LottiePlayer.app; sourceTree = BUILT_PRODUCTS_DIR; };
		CC9A62A227BD219900BC17FC /* AppDelegate.swift */ = {isa = PBXFileReference; lastKnownFileType = sourcecode.swift; path = AppDelegate.swift; sourceTree = "<group>"; };
		CC9A62A427BD219900BC17FC /* SceneDelegate.swift */ = {isa = PBXFileReference; lastKnownFileType = sourcecode.swift; path = SceneDelegate.swift; sourceTree = "<group>"; };
		CC9A62A627BD219900BC17FC /* ViewController.swift */ = {isa = PBXFileReference; lastKnownFileType = sourcecode.swift; path = ViewController.swift; sourceTree = "<group>"; };
		CC9A62A927BD219900BC17FC /* Base */ = {isa = PBXFileReference; lastKnownFileType = file.storyboard; name = Base; path = Base.lproj/Main.storyboard; sourceTree = "<group>"; };
		CC9A62AB27BD219C00BC17FC /* Assets.xcassets */ = {isa = PBXFileReference; lastKnownFileType = folder.assetcatalog; path = Assets.xcassets; sourceTree = "<group>"; };
		CC9A62AE27BD219C00BC17FC /* Base */ = {isa = PBXFileReference; lastKnownFileType = file.storyboard; name = Base; path = Base.lproj/LaunchScreen.storyboard; sourceTree = "<group>"; };
		CC9A62B027BD219C00BC17FC /* Info.plist */ = {isa = PBXFileReference; lastKnownFileType = text.plist.xml; path = Info.plist; sourceTree = "<group>"; };
		CC9A62B527BD219C00BC17FC /* LottiePlayerTests.xctest */ = {isa = PBXFileReference; explicitFileType = wrapper.cfbundle; includeInIndex = 0; path = LottiePlayerTests.xctest; sourceTree = BUILT_PRODUCTS_DIR; };
		CC9A62B927BD219C00BC17FC /* LottiePlayerTests.swift */ = {isa = PBXFileReference; lastKnownFileType = sourcecode.swift; path = LottiePlayerTests.swift; sourceTree = "<group>"; };
		CC9A62BF27BD219C00BC17FC /* LottiePlayerUITests.xctest */ = {isa = PBXFileReference; explicitFileType = wrapper.cfbundle; includeInIndex = 0; path = LottiePlayerUITests.xctest; sourceTree = BUILT_PRODUCTS_DIR; };
		CC9A62C327BD219C00BC17FC /* LottiePlayerUITests.swift */ = {isa = PBXFileReference; lastKnownFileType = sourcecode.swift; path = LottiePlayerUITests.swift; sourceTree = "<group>"; };
		CC9A62C527BD219C00BC17FC /* LottiePlayerUITestsLaunchTests.swift */ = {isa = PBXFileReference; lastKnownFileType = sourcecode.swift; path = LottiePlayerUITestsLaunchTests.swift; sourceTree = "<group>"; };
		CC9A62D327BD345D00BC17FC /* LottieViewController.swift */ = {isa = PBXFileReference; lastKnownFileType = sourcecode.swift; path = LottieViewController.swift; sourceTree = "<group>"; };
		CC9A62D527BD5B8D00BC17FC /* LottieManager.swift */ = {isa = PBXFileReference; lastKnownFileType = sourcecode.swift; path = LottieManager.swift; sourceTree = "<group>"; };
		E86092E90DFFAA0D6AC3C8E4 /* Pods-LottiePlayer.debug.xcconfig */ = {isa = PBXFileReference; includeInIndex = 1; lastKnownFileType = text.xcconfig; name = "Pods-LottiePlayer.debug.xcconfig"; path = "Target Support Files/Pods-LottiePlayer/Pods-LottiePlayer.debug.xcconfig"; sourceTree = "<group>"; };
/* End PBXFileReference section */

/* Begin PBXFrameworksBuildPhase section */
		CC9A629C27BD219900BC17FC /* Frameworks */ = {
			isa = PBXFrameworksBuildPhase;
			buildActionMask = 2147483647;
			files = (
				3FD4742530D64EE0F718E1D6 /* Pods_LottiePlayer.framework in Frameworks */,
			);
			runOnlyForDeploymentPostprocessing = 0;
		};
		CC9A62B227BD219C00BC17FC /* Frameworks */ = {
			isa = PBXFrameworksBuildPhase;
			buildActionMask = 2147483647;
			files = (
				96C0649BAE25F4AAAC976D26 /* Pods_LottiePlayerTests.framework in Frameworks */,
			);
			runOnlyForDeploymentPostprocessing = 0;
		};
		CC9A62BC27BD219C00BC17FC /* Frameworks */ = {
			isa = PBXFrameworksBuildPhase;
			buildActionMask = 2147483647;
			files = (
				9C6F787E04845550EC276805 /* Pods_LottiePlayer_LottiePlayerUITests.framework in Frameworks */,
			);
			runOnlyForDeploymentPostprocessing = 0;
		};
/* End PBXFrameworksBuildPhase section */

/* Begin PBXGroup section */
		0264A1DFBCE68D886AA9647C /* Pods */ = {
			isa = PBXGroup;
			children = (
				E86092E90DFFAA0D6AC3C8E4 /* Pods-LottiePlayer.debug.xcconfig */,
				7EE026AF4B6151FBA3FA9F23 /* Pods-LottiePlayer.release.xcconfig */,
				8B9CBEE368F2BD70A226511B /* Pods-LottiePlayer-LottiePlayerUITests.debug.xcconfig */,
				254DEA2262D93B3C4175A45F /* Pods-LottiePlayer-LottiePlayerUITests.release.xcconfig */,
				94AD65BE076337CEA998273A /* Pods-LottiePlayerTests.debug.xcconfig */,
				4D4C86DC724F1AC227194A9D /* Pods-LottiePlayerTests.release.xcconfig */,
			);
			name = Pods;
			path = Pods;
			sourceTree = "<group>";
		};
		466151BC28A2B52233B940F8 /* Frameworks */ = {
			isa = PBXGroup;
			children = (
				19DE14FB735977BF9904B042 /* Pods_LottiePlayer.framework */,
				C6616065D72A7D207C8F00CF /* Pods_LottiePlayer_LottiePlayerUITests.framework */,
				4298CB28417D6328C2F0DBF4 /* Pods_LottiePlayerTests.framework */,
			);
			name = Frameworks;
			sourceTree = "<group>";
		};
		CC9A629627BD219900BC17FC = {
			isa = PBXGroup;
			children = (
				CC9A62A127BD219900BC17FC /* LottiePlayer */,
				CC9A62B827BD219C00BC17FC /* LottiePlayerTests */,
				CC9A62C227BD219C00BC17FC /* LottiePlayerUITests */,
				CC9A62A027BD219900BC17FC /* Products */,
				0264A1DFBCE68D886AA9647C /* Pods */,
				466151BC28A2B52233B940F8 /* Frameworks */,
			);
			sourceTree = "<group>";
		};
		CC9A62A027BD219900BC17FC /* Products */ = {
			isa = PBXGroup;
			children = (
				CC9A629F27BD219900BC17FC /* LottiePlayer.app */,
				CC9A62B527BD219C00BC17FC /* LottiePlayerTests.xctest */,
				CC9A62BF27BD219C00BC17FC /* LottiePlayerUITests.xctest */,
			);
			name = Products;
			sourceTree = "<group>";
		};
		CC9A62A127BD219900BC17FC /* LottiePlayer */ = {
			isa = PBXGroup;
			children = (
				CC9A62A227BD219900BC17FC /* AppDelegate.swift */,
				CC9A62A427BD219900BC17FC /* SceneDelegate.swift */,
				CC9A62A627BD219900BC17FC /* ViewController.swift */,
				CC9A62A827BD219900BC17FC /* Main.storyboard */,
				CC9A62AB27BD219C00BC17FC /* Assets.xcassets */,
				CC9A62AD27BD219C00BC17FC /* LaunchScreen.storyboard */,
				CC9A62B027BD219C00BC17FC /* Info.plist */,
				CC9A62D327BD345D00BC17FC /* LottieViewController.swift */,
				CC9A62D527BD5B8D00BC17FC /* LottieManager.swift */,
			);
			path = LottiePlayer;
			sourceTree = "<group>";
		};
		CC9A62B827BD219C00BC17FC /* LottiePlayerTests */ = {
			isa = PBXGroup;
			children = (
				CC9A62B927BD219C00BC17FC /* LottiePlayerTests.swift */,
			);
			path = LottiePlayerTests;
			sourceTree = "<group>";
		};
		CC9A62C227BD219C00BC17FC /* LottiePlayerUITests */ = {
			isa = PBXGroup;
			children = (
				CC9A62C327BD219C00BC17FC /* LottiePlayerUITests.swift */,
				CC9A62C527BD219C00BC17FC /* LottiePlayerUITestsLaunchTests.swift */,
			);
			path = LottiePlayerUITests;
			sourceTree = "<group>";
		};
/* End PBXGroup section */

/* Begin PBXNativeTarget section */
		CC9A629E27BD219900BC17FC /* LottiePlayer */ = {
			isa = PBXNativeTarget;
			buildConfigurationList = CC9A62C927BD219C00BC17FC /* Build configuration list for PBXNativeTarget "LottiePlayer" */;
			buildPhases = (
				7DDA9DEE3AC4FF65156F95A9 /* [CP] Check Pods Manifest.lock */,
				CC9A629B27BD219900BC17FC /* Sources */,
				CC9A629C27BD219900BC17FC /* Frameworks */,
				CC9A629D27BD219900BC17FC /* Resources */,
				3EDC02DA8C5EE8546897FF44 /* [CP] Embed Pods Frameworks */,
			);
			buildRules = (
			);
			dependencies = (
			);
			name = LottiePlayer;
			productName = LottiePlayer;
			productReference = CC9A629F27BD219900BC17FC /* LottiePlayer.app */;
			productType = "com.apple.product-type.application";
		};
		CC9A62B427BD219C00BC17FC /* LottiePlayerTests */ = {
			isa = PBXNativeTarget;
			buildConfigurationList = CC9A62CC27BD219C00BC17FC /* Build configuration list for PBXNativeTarget "LottiePlayerTests" */;
			buildPhases = (
				43FFAED0036D13A7C315EA7E /* [CP] Check Pods Manifest.lock */,
				CC9A62B127BD219C00BC17FC /* Sources */,
				CC9A62B227BD219C00BC17FC /* Frameworks */,
				CC9A62B327BD219C00BC17FC /* Resources */,
			);
			buildRules = (
			);
			dependencies = (
				CC9A62B727BD219C00BC17FC /* PBXTargetDependency */,
			);
			name = LottiePlayerTests;
			productName = LottiePlayerTests;
			productReference = CC9A62B527BD219C00BC17FC /* LottiePlayerTests.xctest */;
			productType = "com.apple.product-type.bundle.unit-test";
		};
		CC9A62BE27BD219C00BC17FC /* LottiePlayerUITests */ = {
			isa = PBXNativeTarget;
			buildConfigurationList = CC9A62CF27BD219C00BC17FC /* Build configuration list for PBXNativeTarget "LottiePlayerUITests" */;
			buildPhases = (
				EE9DD5BCB1AE5C2313B35519 /* [CP] Check Pods Manifest.lock */,
				CC9A62BB27BD219C00BC17FC /* Sources */,
				CC9A62BC27BD219C00BC17FC /* Frameworks */,
				CC9A62BD27BD219C00BC17FC /* Resources */,
				F291DCBB6A80B72D567C4ABE /* [CP] Embed Pods Frameworks */,
			);
			buildRules = (
			);
			dependencies = (
				CC9A62C127BD219C00BC17FC /* PBXTargetDependency */,
			);
			name = LottiePlayerUITests;
			productName = LottiePlayerUITests;
			productReference = CC9A62BF27BD219C00BC17FC /* LottiePlayerUITests.xctest */;
			productType = "com.apple.product-type.bundle.ui-testing";
		};
/* End PBXNativeTarget section */

/* Begin PBXProject section */
		CC9A629727BD219900BC17FC /* Project object */ = {
			isa = PBXProject;
			attributes = {
				BuildIndependentTargetsInParallel = 1;
				LastSwiftUpdateCheck = 1310;
				LastUpgradeCheck = 1310;
				TargetAttributes = {
					CC9A629E27BD219900BC17FC = {
						CreatedOnToolsVersion = 13.1;
					};
					CC9A62B427BD219C00BC17FC = {
						CreatedOnToolsVersion = 13.1;
						TestTargetID = CC9A629E27BD219900BC17FC;
					};
					CC9A62BE27BD219C00BC17FC = {
						CreatedOnToolsVersion = 13.1;
						TestTargetID = CC9A629E27BD219900BC17FC;
					};
				};
			};
			buildConfigurationList = CC9A629A27BD219900BC17FC /* Build configuration list for PBXProject "LottiePlayer" */;
			compatibilityVersion = "Xcode 13.0";
			developmentRegion = en;
			hasScannedForEncodings = 0;
			knownRegions = (
				en,
				Base,
			);
			mainGroup = CC9A629627BD219900BC17FC;
			productRefGroup = CC9A62A027BD219900BC17FC /* Products */;
			projectDirPath = "";
			projectRoot = "";
			targets = (
				CC9A629E27BD219900BC17FC /* LottiePlayer */,
				CC9A62B427BD219C00BC17FC /* LottiePlayerTests */,
				CC9A62BE27BD219C00BC17FC /* LottiePlayerUITests */,
			);
		};
/* End PBXProject section */

/* Begin PBXResourcesBuildPhase section */
		CC9A629D27BD219900BC17FC /* Resources */ = {
			isa = PBXResourcesBuildPhase;
			buildActionMask = 2147483647;
			files = (
				CC9A62AF27BD219C00BC17FC /* LaunchScreen.storyboard in Resources */,
				CC9A62AC27BD219C00BC17FC /* Assets.xcassets in Resources */,
				CC9A62AA27BD219900BC17FC /* Main.storyboard in Resources */,
			);
			runOnlyForDeploymentPostprocessing = 0;
		};
		CC9A62B327BD219C00BC17FC /* Resources */ = {
			isa = PBXResourcesBuildPhase;
			buildActionMask = 2147483647;
			files = (
			);
			runOnlyForDeploymentPostprocessing = 0;
		};
		CC9A62BD27BD219C00BC17FC /* Resources */ = {
			isa = PBXResourcesBuildPhase;
			buildActionMask = 2147483647;
			files = (
			);
			runOnlyForDeploymentPostprocessing = 0;
		};
/* End PBXResourcesBuildPhase section */

/* Begin PBXShellScriptBuildPhase section */
		3EDC02DA8C5EE8546897FF44 /* [CP] Embed Pods Frameworks */ = {
			isa = PBXShellScriptBuildPhase;
			buildActionMask = 2147483647;
			files = (
			);
			inputFileListPaths = (
				"${PODS_ROOT}/Target Support Files/Pods-LottiePlayer/Pods-LottiePlayer-frameworks-${CONFIGURATION}-input-files.xcfilelist",
			);
			name = "[CP] Embed Pods Frameworks";
			outputFileListPaths = (
				"${PODS_ROOT}/Target Support Files/Pods-LottiePlayer/Pods-LottiePlayer-frameworks-${CONFIGURATION}-output-files.xcfilelist",
			);
			runOnlyForDeploymentPostprocessing = 0;
			shellPath = /bin/sh;
			shellScript = "\"${PODS_ROOT}/Target Support Files/Pods-LottiePlayer/Pods-LottiePlayer-frameworks.sh\"\n";
			showEnvVarsInLog = 0;
		};
		43FFAED0036D13A7C315EA7E /* [CP] Check Pods Manifest.lock */ = {
			isa = PBXShellScriptBuildPhase;
			buildActionMask = 2147483647;
			files = (
			);
			inputFileListPaths = (
			);
			inputPaths = (
				"${PODS_PODFILE_DIR_PATH}/Podfile.lock",
				"${PODS_ROOT}/Manifest.lock",
			);
			name = "[CP] Check Pods Manifest.lock";
			outputFileListPaths = (
			);
			outputPaths = (
				"$(DERIVED_FILE_DIR)/Pods-LottiePlayerTests-checkManifestLockResult.txt",
			);
			runOnlyForDeploymentPostprocessing = 0;
			shellPath = /bin/sh;
			shellScript = "diff \"${PODS_PODFILE_DIR_PATH}/Podfile.lock\" \"${PODS_ROOT}/Manifest.lock\" > /dev/null\nif [ $? != 0 ] ; then\n    # print error to STDERR\n    echo \"error: The sandbox is not in sync with the Podfile.lock. Run 'pod install' or update your CocoaPods installation.\" >&2\n    exit 1\nfi\n# This output is used by Xcode 'outputs' to avoid re-running this script phase.\necho \"SUCCESS\" > \"${SCRIPT_OUTPUT_FILE_0}\"\n";
			showEnvVarsInLog = 0;
		};
		7DDA9DEE3AC4FF65156F95A9 /* [CP] Check Pods Manifest.lock */ = {
			isa = PBXShellScriptBuildPhase;
			buildActionMask = 2147483647;
			files = (
			);
			inputFileListPaths = (
			);
			inputPaths = (
				"${PODS_PODFILE_DIR_PATH}/Podfile.lock",
				"${PODS_ROOT}/Manifest.lock",
			);
			name = "[CP] Check Pods Manifest.lock";
			outputFileListPaths = (
			);
			outputPaths = (
				"$(DERIVED_FILE_DIR)/Pods-LottiePlayer-checkManifestLockResult.txt",
			);
			runOnlyForDeploymentPostprocessing = 0;
			shellPath = /bin/sh;
			shellScript = "diff \"${PODS_PODFILE_DIR_PATH}/Podfile.lock\" \"${PODS_ROOT}/Manifest.lock\" > /dev/null\nif [ $? != 0 ] ; then\n    # print error to STDERR\n    echo \"error: The sandbox is not in sync with the Podfile.lock. Run 'pod install' or update your CocoaPods installation.\" >&2\n    exit 1\nfi\n# This output is used by Xcode 'outputs' to avoid re-running this script phase.\necho \"SUCCESS\" > \"${SCRIPT_OUTPUT_FILE_0}\"\n";
			showEnvVarsInLog = 0;
		};
		EE9DD5BCB1AE5C2313B35519 /* [CP] Check Pods Manifest.lock */ = {
			isa = PBXShellScriptBuildPhase;
			buildActionMask = 2147483647;
			files = (
			);
			inputFileListPaths = (
			);
			inputPaths = (
				"${PODS_PODFILE_DIR_PATH}/Podfile.lock",
				"${PODS_ROOT}/Manifest.lock",
			);
			name = "[CP] Check Pods Manifest.lock";
			outputFileListPaths = (
			);
			outputPaths = (
				"$(DERIVED_FILE_DIR)/Pods-LottiePlayer-LottiePlayerUITests-checkManifestLockResult.txt",
			);
			runOnlyForDeploymentPostprocessing = 0;
			shellPath = /bin/sh;
			shellScript = "diff \"${PODS_PODFILE_DIR_PATH}/Podfile.lock\" \"${PODS_ROOT}/Manifest.lock\" > /dev/null\nif [ $? != 0 ] ; then\n    # print error to STDERR\n    echo \"error: The sandbox is not in sync with the Podfile.lock. Run 'pod install' or update your CocoaPods installation.\" >&2\n    exit 1\nfi\n# This output is used by Xcode 'outputs' to avoid re-running this script phase.\necho \"SUCCESS\" > \"${SCRIPT_OUTPUT_FILE_0}\"\n";
			showEnvVarsInLog = 0;
		};
		F291DCBB6A80B72D567C4ABE /* [CP] Embed Pods Frameworks */ = {
			isa = PBXShellScriptBuildPhase;
			buildActionMask = 2147483647;
			files = (
			);
			inputFileListPaths = (
				"${PODS_ROOT}/Target Support Files/Pods-LottiePlayer-LottiePlayerUITests/Pods-LottiePlayer-LottiePlayerUITests-frameworks-${CONFIGURATION}-input-files.xcfilelist",
			);
			name = "[CP] Embed Pods Frameworks";
			outputFileListPaths = (
				"${PODS_ROOT}/Target Support Files/Pods-LottiePlayer-LottiePlayerUITests/Pods-LottiePlayer-LottiePlayerUITests-frameworks-${CONFIGURATION}-output-files.xcfilelist",
			);
			runOnlyForDeploymentPostprocessing = 0;
			shellPath = /bin/sh;
			shellScript = "\"${PODS_ROOT}/Target Support Files/Pods-LottiePlayer-LottiePlayerUITests/Pods-LottiePlayer-LottiePlayerUITests-frameworks.sh\"\n";
			showEnvVarsInLog = 0;
		};
/* End PBXShellScriptBuildPhase section */

/* Begin PBXSourcesBuildPhase section */
		CC9A629B27BD219900BC17FC /* Sources */ = {
			isa = PBXSourcesBuildPhase;
			buildActionMask = 2147483647;
			files = (
				CC9A62A727BD219900BC17FC /* ViewController.swift in Sources */,
				CC9A62D427BD345D00BC17FC /* LottieViewController.swift in Sources */,
				CC9A62D627BD5B8D00BC17FC /* LottieManager.swift in Sources */,
				CC9A62A327BD219900BC17FC /* AppDelegate.swift in Sources */,
				CC9A62A527BD219900BC17FC /* SceneDelegate.swift in Sources */,
			);
			runOnlyForDeploymentPostprocessing = 0;
		};
		CC9A62B127BD219C00BC17FC /* Sources */ = {
			isa = PBXSourcesBuildPhase;
			buildActionMask = 2147483647;
			files = (
				CC9A62BA27BD219C00BC17FC /* LottiePlayerTests.swift in Sources */,
			);
			runOnlyForDeploymentPostprocessing = 0;
		};
		CC9A62BB27BD219C00BC17FC /* Sources */ = {
			isa = PBXSourcesBuildPhase;
			buildActionMask = 2147483647;
			files = (
				CC9A62C627BD219C00BC17FC /* LottiePlayerUITestsLaunchTests.swift in Sources */,
				CC9A62C427BD219C00BC17FC /* LottiePlayerUITests.swift in Sources */,
			);
			runOnlyForDeploymentPostprocessing = 0;
		};
/* End PBXSourcesBuildPhase section */

/* Begin PBXTargetDependency section */
		CC9A62B727BD219C00BC17FC /* PBXTargetDependency */ = {
			isa = PBXTargetDependency;
			target = CC9A629E27BD219900BC17FC /* LottiePlayer */;
			targetProxy = CC9A62B627BD219C00BC17FC /* PBXContainerItemProxy */;
		};
		CC9A62C127BD219C00BC17FC /* PBXTargetDependency */ = {
			isa = PBXTargetDependency;
			target = CC9A629E27BD219900BC17FC /* LottiePlayer */;
			targetProxy = CC9A62C027BD219C00BC17FC /* PBXContainerItemProxy */;
		};
/* End PBXTargetDependency section */

/* Begin PBXVariantGroup section */
		CC9A62A827BD219900BC17FC /* Main.storyboard */ = {
			isa = PBXVariantGroup;
			children = (
				CC9A62A927BD219900BC17FC /* Base */,
			);
			name = Main.storyboard;
			sourceTree = "<group>";
		};
		CC9A62AD27BD219C00BC17FC /* LaunchScreen.storyboard */ = {
			isa = PBXVariantGroup;
			children = (
				CC9A62AE27BD219C00BC17FC /* Base */,
			);
			name = LaunchScreen.storyboard;
			sourceTree = "<group>";
		};
/* End PBXVariantGroup section */

/* Begin XCBuildConfiguration section */
		CC9A62C727BD219C00BC17FC /* Debug */ = {
			isa = XCBuildConfiguration;
			buildSettings = {
				ALWAYS_SEARCH_USER_PATHS = NO;
				CLANG_ANALYZER_NONNULL = YES;
				CLANG_ANALYZER_NUMBER_OBJECT_CONVERSION = YES_AGGRESSIVE;
				CLANG_CXX_LANGUAGE_STANDARD = "gnu++17";
				CLANG_CXX_LIBRARY = "libc++";
				CLANG_ENABLE_MODULES = YES;
				CLANG_ENABLE_OBJC_ARC = YES;
				CLANG_ENABLE_OBJC_WEAK = YES;
				CLANG_WARN_BLOCK_CAPTURE_AUTORELEASING = YES;
				CLANG_WARN_BOOL_CONVERSION = YES;
				CLANG_WARN_COMMA = YES;
				CLANG_WARN_CONSTANT_CONVERSION = YES;
				CLANG_WARN_DEPRECATED_OBJC_IMPLEMENTATIONS = YES;
				CLANG_WARN_DIRECT_OBJC_ISA_USAGE = YES_ERROR;
				CLANG_WARN_DOCUMENTATION_COMMENTS = YES;
				CLANG_WARN_EMPTY_BODY = YES;
				CLANG_WARN_ENUM_CONVERSION = YES;
				CLANG_WARN_INFINITE_RECURSION = YES;
				CLANG_WARN_INT_CONVERSION = YES;
				CLANG_WARN_NON_LITERAL_NULL_CONVERSION = YES;
				CLANG_WARN_OBJC_IMPLICIT_RETAIN_SELF = YES;
				CLANG_WARN_OBJC_LITERAL_CONVERSION = YES;
				CLANG_WARN_OBJC_ROOT_CLASS = YES_ERROR;
				CLANG_WARN_QUOTED_INCLUDE_IN_FRAMEWORK_HEADER = YES;
				CLANG_WARN_RANGE_LOOP_ANALYSIS = YES;
				CLANG_WARN_STRICT_PROTOTYPES = YES;
				CLANG_WARN_SUSPICIOUS_MOVE = YES;
				CLANG_WARN_UNGUARDED_AVAILABILITY = YES_AGGRESSIVE;
				CLANG_WARN_UNREACHABLE_CODE = YES;
				CLANG_WARN__DUPLICATE_METHOD_MATCH = YES;
				COPY_PHASE_STRIP = NO;
				DEBUG_INFORMATION_FORMAT = dwarf;
				ENABLE_STRICT_OBJC_MSGSEND = YES;
				ENABLE_TESTABILITY = YES;
				GCC_C_LANGUAGE_STANDARD = gnu11;
				GCC_DYNAMIC_NO_PIC = NO;
				GCC_NO_COMMON_BLOCKS = YES;
				GCC_OPTIMIZATION_LEVEL = 0;
				GCC_PREPROCESSOR_DEFINITIONS = (
					"DEBUG=1",
					"$(inherited)",
				);
				GCC_WARN_64_TO_32_BIT_CONVERSION = YES;
				GCC_WARN_ABOUT_RETURN_TYPE = YES_ERROR;
				GCC_WARN_UNDECLARED_SELECTOR = YES;
				GCC_WARN_UNINITIALIZED_AUTOS = YES_AGGRESSIVE;
				GCC_WARN_UNUSED_FUNCTION = YES;
				GCC_WARN_UNUSED_VARIABLE = YES;
				IPHONEOS_DEPLOYMENT_TARGET = 15.0;
				MTL_ENABLE_DEBUG_INFO = INCLUDE_SOURCE;
				MTL_FAST_MATH = YES;
				ONLY_ACTIVE_ARCH = YES;
				SDKROOT = iphoneos;
				SWIFT_ACTIVE_COMPILATION_CONDITIONS = DEBUG;
				SWIFT_OPTIMIZATION_LEVEL = "-Onone";
			};
			name = Debug;
		};
		CC9A62C827BD219C00BC17FC /* Release */ = {
			isa = XCBuildConfiguration;
			buildSettings = {
				ALWAYS_SEARCH_USER_PATHS = NO;
				CLANG_ANALYZER_NONNULL = YES;
				CLANG_ANALYZER_NUMBER_OBJECT_CONVERSION = YES_AGGRESSIVE;
				CLANG_CXX_LANGUAGE_STANDARD = "gnu++17";
				CLANG_CXX_LIBRARY = "libc++";
				CLANG_ENABLE_MODULES = YES;
				CLANG_ENABLE_OBJC_ARC = YES;
				CLANG_ENABLE_OBJC_WEAK = YES;
				CLANG_WARN_BLOCK_CAPTURE_AUTORELEASING = YES;
				CLANG_WARN_BOOL_CONVERSION = YES;
				CLANG_WARN_COMMA = YES;
				CLANG_WARN_CONSTANT_CONVERSION = YES;
				CLANG_WARN_DEPRECATED_OBJC_IMPLEMENTATIONS = YES;
				CLANG_WARN_DIRECT_OBJC_ISA_USAGE = YES_ERROR;
				CLANG_WARN_DOCUMENTATION_COMMENTS = YES;
				CLANG_WARN_EMPTY_BODY = YES;
				CLANG_WARN_ENUM_CONVERSION = YES;
				CLANG_WARN_INFINITE_RECURSION = YES;
				CLANG_WARN_INT_CONVERSION = YES;
				CLANG_WARN_NON_LITERAL_NULL_CONVERSION = YES;
				CLANG_WARN_OBJC_IMPLICIT_RETAIN_SELF = YES;
				CLANG_WARN_OBJC_LITERAL_CONVERSION = YES;
				CLANG_WARN_OBJC_ROOT_CLASS = YES_ERROR;
				CLANG_WARN_QUOTED_INCLUDE_IN_FRAMEWORK_HEADER = YES;
				CLANG_WARN_RANGE_LOOP_ANALYSIS = YES;
				CLANG_WARN_STRICT_PROTOTYPES = YES;
				CLANG_WARN_SUSPICIOUS_MOVE = YES;
				CLANG_WARN_UNGUARDED_AVAILABILITY = YES_AGGRESSIVE;
				CLANG_WARN_UNREACHABLE_CODE = YES;
				CLANG_WARN__DUPLICATE_METHOD_MATCH = YES;
				COPY_PHASE_STRIP = NO;
				DEBUG_INFORMATION_FORMAT = "dwarf-with-dsym";
				ENABLE_NS_ASSERTIONS = NO;
				ENABLE_STRICT_OBJC_MSGSEND = YES;
				GCC_C_LANGUAGE_STANDARD = gnu11;
				GCC_NO_COMMON_BLOCKS = YES;
				GCC_WARN_64_TO_32_BIT_CONVERSION = YES;
				GCC_WARN_ABOUT_RETURN_TYPE = YES_ERROR;
				GCC_WARN_UNDECLARED_SELECTOR = YES;
				GCC_WARN_UNINITIALIZED_AUTOS = YES_AGGRESSIVE;
				GCC_WARN_UNUSED_FUNCTION = YES;
				GCC_WARN_UNUSED_VARIABLE = YES;
				IPHONEOS_DEPLOYMENT_TARGET = 15.0;
				MTL_ENABLE_DEBUG_INFO = NO;
				MTL_FAST_MATH = YES;
				SDKROOT = iphoneos;
				SWIFT_COMPILATION_MODE = wholemodule;
				SWIFT_OPTIMIZATION_LEVEL = "-O";
				VALIDATE_PRODUCT = YES;
			};
			name = Release;
		};
		CC9A62CA27BD219C00BC17FC /* Debug */ = {
			isa = XCBuildConfiguration;
			baseConfigurationReference = E86092E90DFFAA0D6AC3C8E4 /* Pods-LottiePlayer.debug.xcconfig */;
			buildSettings = {
				ASSETCATALOG_COMPILER_APPICON_NAME = AppIcon;
				ASSETCATALOG_COMPILER_GLOBAL_ACCENT_COLOR_NAME = AccentColor;
				CODE_SIGN_STYLE = Automatic;
				CURRENT_PROJECT_VERSION = 1;
				DEVELOPMENT_TEAM = 9WJ6M6DQJT;
				GENERATE_INFOPLIST_FILE = YES;
				INFOPLIST_FILE = LottiePlayer/Info.plist;
				INFOPLIST_KEY_UIApplicationSupportsIndirectInputEvents = YES;
				INFOPLIST_KEY_UILaunchStoryboardName = LaunchScreen;
				INFOPLIST_KEY_UIMainStoryboardFile = Main;
				INFOPLIST_KEY_UISupportedInterfaceOrientations_iPad = "UIInterfaceOrientationPortrait UIInterfaceOrientationPortraitUpsideDown UIInterfaceOrientationLandscapeLeft UIInterfaceOrientationLandscapeRight";
				INFOPLIST_KEY_UISupportedInterfaceOrientations_iPhone = "UIInterfaceOrientationPortrait UIInterfaceOrientationLandscapeLeft UIInterfaceOrientationLandscapeRight";
				LD_RUNPATH_SEARCH_PATHS = (
					"$(inherited)",
					"@executable_path/Frameworks",
				);
				MARKETING_VERSION = 1.0;
				PRODUCT_BUNDLE_IDENTIFIER = com.vipinpahwa.LottiePlayer;
				PRODUCT_NAME = "$(TARGET_NAME)";
				SWIFT_EMIT_LOC_STRINGS = YES;
				SWIFT_VERSION = 5.0;
				TARGETED_DEVICE_FAMILY = "1,2";
			};
			name = Debug;
		};
		CC9A62CB27BD219C00BC17FC /* Release */ = {
			isa = XCBuildConfiguration;
			baseConfigurationReference = 7EE026AF4B6151FBA3FA9F23 /* Pods-LottiePlayer.release.xcconfig */;
			buildSettings = {
				ASSETCATALOG_COMPILER_APPICON_NAME = AppIcon;
				ASSETCATALOG_COMPILER_GLOBAL_ACCENT_COLOR_NAME = AccentColor;
				CODE_SIGN_STYLE = Automatic;
				CURRENT_PROJECT_VERSION = 1;
				DEVELOPMENT_TEAM = 9WJ6M6DQJT;
				GENERATE_INFOPLIST_FILE = YES;
				INFOPLIST_FILE = LottiePlayer/Info.plist;
				INFOPLIST_KEY_UIApplicationSupportsIndirectInputEvents = YES;
				INFOPLIST_KEY_UILaunchStoryboardName = LaunchScreen;
				INFOPLIST_KEY_UIMainStoryboardFile = Main;
				INFOPLIST_KEY_UISupportedInterfaceOrientations_iPad = "UIInterfaceOrientationPortrait UIInterfaceOrientationPortraitUpsideDown UIInterfaceOrientationLandscapeLeft UIInterfaceOrientationLandscapeRight";
				INFOPLIST_KEY_UISupportedInterfaceOrientations_iPhone = "UIInterfaceOrientationPortrait UIInterfaceOrientationLandscapeLeft UIInterfaceOrientationLandscapeRight";
				LD_RUNPATH_SEARCH_PATHS = (
					"$(inherited)",
					"@executable_path/Frameworks",
				);
				MARKETING_VERSION = 1.0;
				PRODUCT_BUNDLE_IDENTIFIER = com.vipinpahwa.LottiePlayer;
				PRODUCT_NAME = "$(TARGET_NAME)";
				SWIFT_EMIT_LOC_STRINGS = YES;
				SWIFT_VERSION = 5.0;
				TARGETED_DEVICE_FAMILY = "1,2";
			};
			name = Release;
		};
		CC9A62CD27BD219C00BC17FC /* Debug */ = {
			isa = XCBuildConfiguration;
			baseConfigurationReference = 94AD65BE076337CEA998273A /* Pods-LottiePlayerTests.debug.xcconfig */;
			buildSettings = {
				ALWAYS_EMBED_SWIFT_STANDARD_LIBRARIES = YES;
				BUNDLE_LOADER = "$(TEST_HOST)";
				CODE_SIGN_STYLE = Automatic;
				CURRENT_PROJECT_VERSION = 1;
				DEVELOPMENT_TEAM = 9WJ6M6DQJT;
				GENERATE_INFOPLIST_FILE = YES;
				IPHONEOS_DEPLOYMENT_TARGET = 15.0;
				LD_RUNPATH_SEARCH_PATHS = (
					"$(inherited)",
					"@executable_path/Frameworks",
					"@loader_path/Frameworks",
				);
				MARKETING_VERSION = 1.0;
				PRODUCT_BUNDLE_IDENTIFIER = com.vipinpahwa.LottiePlayerTests;
				PRODUCT_NAME = "$(TARGET_NAME)";
				SWIFT_EMIT_LOC_STRINGS = NO;
				SWIFT_VERSION = 5.0;
				TARGETED_DEVICE_FAMILY = "1,2";
				TEST_HOST = "$(BUILT_PRODUCTS_DIR)/LottiePlayer.app/LottiePlayer";
			};
			name = Debug;
		};
		CC9A62CE27BD219C00BC17FC /* Release */ = {
			isa = XCBuildConfiguration;
			baseConfigurationReference = 4D4C86DC724F1AC227194A9D /* Pods-LottiePlayerTests.release.xcconfig */;
			buildSettings = {
				ALWAYS_EMBED_SWIFT_STANDARD_LIBRARIES = YES;
				BUNDLE_LOADER = "$(TEST_HOST)";
				CODE_SIGN_STYLE = Automatic;
				CURRENT_PROJECT_VERSION = 1;
				DEVELOPMENT_TEAM = 9WJ6M6DQJT;
				GENERATE_INFOPLIST_FILE = YES;
				IPHONEOS_DEPLOYMENT_TARGET = 15.0;
				LD_RUNPATH_SEARCH_PATHS = (
					"$(inherited)",
					"@executable_path/Frameworks",
					"@loader_path/Frameworks",
				);
				MARKETING_VERSION = 1.0;
				PRODUCT_BUNDLE_IDENTIFIER = com.vipinpahwa.LottiePlayerTests;
				PRODUCT_NAME = "$(TARGET_NAME)";
				SWIFT_EMIT_LOC_STRINGS = NO;
				SWIFT_VERSION = 5.0;
				TARGETED_DEVICE_FAMILY = "1,2";
				TEST_HOST = "$(BUILT_PRODUCTS_DIR)/LottiePlayer.app/LottiePlayer";
			};
			name = Release;
		};
		CC9A62D027BD219C00BC17FC /* Debug */ = {
			isa = XCBuildConfiguration;
			baseConfigurationReference = 8B9CBEE368F2BD70A226511B /* Pods-LottiePlayer-LottiePlayerUITests.debug.xcconfig */;
			buildSettings = {
				ALWAYS_EMBED_SWIFT_STANDARD_LIBRARIES = YES;
				CODE_SIGN_STYLE = Automatic;
				CURRENT_PROJECT_VERSION = 1;
				DEVELOPMENT_TEAM = 9WJ6M6DQJT;
				GENERATE_INFOPLIST_FILE = YES;
				LD_RUNPATH_SEARCH_PATHS = (
					"$(inherited)",
					"@executable_path/Frameworks",
					"@loader_path/Frameworks",
				);
				MARKETING_VERSION = 1.0;
				PRODUCT_BUNDLE_IDENTIFIER = com.vipinpahwa.LottiePlayerUITests;
				PRODUCT_NAME = "$(TARGET_NAME)";
				SWIFT_EMIT_LOC_STRINGS = NO;
				SWIFT_VERSION = 5.0;
				TARGETED_DEVICE_FAMILY = "1,2";
				TEST_TARGET_NAME = LottiePlayer;
			};
			name = Debug;
		};
		CC9A62D127BD219C00BC17FC /* Release */ = {
			isa = XCBuildConfiguration;
			baseConfigurationReference = 254DEA2262D93B3C4175A45F /* Pods-LottiePlayer-LottiePlayerUITests.release.xcconfig */;
			buildSettings = {
				ALWAYS_EMBED_SWIFT_STANDARD_LIBRARIES = YES;
				CODE_SIGN_STYLE = Automatic;
				CURRENT_PROJECT_VERSION = 1;
				DEVELOPMENT_TEAM = 9WJ6M6DQJT;
				GENERATE_INFOPLIST_FILE = YES;
				LD_RUNPATH_SEARCH_PATHS = (
					"$(inherited)",
					"@executable_path/Frameworks",
					"@loader_path/Frameworks",
				);
				MARKETING_VERSION = 1.0;
				PRODUCT_BUNDLE_IDENTIFIER = com.vipinpahwa.LottiePlayerUITests;
				PRODUCT_NAME = "$(TARGET_NAME)";
				SWIFT_EMIT_LOC_STRINGS = NO;
				SWIFT_VERSION = 5.0;
				TARGETED_DEVICE_FAMILY = "1,2";
				TEST_TARGET_NAME = LottiePlayer;
			};
			name = Release;
		};
/* End XCBuildConfiguration section */

/* Begin XCConfigurationList section */
		CC9A629A27BD219900BC17FC /* Build configuration list for PBXProject "LottiePlayer" */ = {
			isa = XCConfigurationList;
			buildConfigurations = (
				CC9A62C727BD219C00BC17FC /* Debug */,
				CC9A62C827BD219C00BC17FC /* Release */,
			);
			defaultConfigurationIsVisible = 0;
			defaultConfigurationName = Release;
		};
		CC9A62C927BD219C00BC17FC /* Build configuration list for PBXNativeTarget "LottiePlayer" */ = {
			isa = XCConfigurationList;
			buildConfigurations = (
				CC9A62CA27BD219C00BC17FC /* Debug */,
				CC9A62CB27BD219C00BC17FC /* Release */,
			);
			defaultConfigurationIsVisible = 0;
			defaultConfigurationName = Release;
		};
		CC9A62CC27BD219C00BC17FC /* Build configuration list for PBXNativeTarget "LottiePlayerTests" */ = {
			isa = XCConfigurationList;
			buildConfigurations = (
				CC9A62CD27BD219C00BC17FC /* Debug */,
				CC9A62CE27BD219C00BC17FC /* Release */,
			);
			defaultConfigurationIsVisible = 0;
			defaultConfigurationName = Release;
		};
		CC9A62CF27BD219C00BC17FC /* Build configuration list for PBXNativeTarget "LottiePlayerUITests" */ = {
			isa = XCConfigurationList;
			buildConfigurations = (
				CC9A62D027BD219C00BC17FC /* Debug */,
				CC9A62D127BD219C00BC17FC /* Release */,
			);
			defaultConfigurationIsVisible = 0;
			defaultConfigurationName = Release;
		};
/* End XCConfigurationList section */
	};
	rootObject = CC9A629727BD219900BC17FC /* Project object */;
}
